github.com/MeteorsLiu/wyhash v0.0.0-20230511081027-35ce512b1126 h1:k0r6lJnytiJLKbewZnI1xsMr5oKwI8kHHbdNEPTpab8=
github.com/MeteorsLiu/wyhash v0.0.0-20230511081027-35ce512b1126/go.mod h1:uqLaHC6FpQMHhEkCTwxxINJp4NFeg35OhyKE21+YZYc=
github.com/zeebo/wyhash v0.0.2-0.20221101160656-7c89dcff99fa h1:icNAX4PdeSmRwz4fmsMSUmYSPz+agsgrEe67BFrLFBM=
github.com/zeebo/wyhash v0.0.2-0.20221101160656-7c89dcff99fa/go.mod h1:Ti+OwfNtM5AZiYAL0kOPIfliqDP5c0VtOnnMAqzuuZk=
